
Microsoft Visual Studio Solution File, Format Version 12.00
# Visual Studio Version 17
VisualStudioVersion = 17.5.33516.290
MinimumVisualStudioVersion = 10.0.40219.1
Project("{FAE04EC0-301F-11D3-BF4B-00C04F79EFBC}") = "TestTask", "TestTask\TestTask.csproj", "{ED0A64AF-BCCE-4354-B706-A16A461354B7}"
EndProject
Global
	GlobalSection(SolutionConfigurationPlatforms) = preSolution
		Debug|Any CPU = Debug|Any CPU
		Release|Any CPU = Release|Any CPU
	EndGlobalSection
	GlobalSection(ProjectConfigurationPlatforms) = postSolution
		{ED0A64AF-BCCE-4354-B706-A16A461354B7}.Debug|Any CPU.ActiveCfg = Debug|Any CPU
		{ED0A64AF-BCCE-4354-B706-A16A461354B7}.Debug|Any CPU.Build.0 = Debug|Any CPU
		{ED0A64AF-BCCE-4354-B706-A16A461354B7}.Release|Any CPU.ActiveCfg = Release|Any CPU
		{ED0A64AF-BCCE-4354-B706-A16A461354B7}.Release|Any CPU.Build.0 = Release|Any CPU
	EndGlobalSection
	GlobalSection(SolutionProperties) = preSolution
		HideSolutionNode = FALSE
	EndGlobalSection
	GlobalSection(ExtensibilityGlobals) = postSolution
		SolutionGuid = {916385F9-50A7-4633-8BC6-AE1DB84699EE}
	EndGlobalSection
EndGlobal
